
Microsoft Visual Studio Solution File, Format Version 12.00
# Visual Studio Version 17
VisualStudioVersion = 17.4.33213.308
MinimumVisualStudioVersion = 10.0.40219.1
Project("{FAE04EC0-301F-11D3-BF4B-00C04F79EFBC}") = "ReflectionMutiClass", "ReflectionMutiClass\ReflectionMutiClass.csproj", "{652D0AA0-098C-4B96-BFCE-3F4DA485D510}"
EndProject
Project("{FAE04EC0-301F-11D3-BF4B-00C04F79EFBC}") = "TryReflectionMethod", "TryReflectionMethod\TryReflectionMethod.csproj", "{0A63C185-F9A5-4572-A444-A50C196A1697}"
EndProject
Project("{FAE04EC0-301F-11D3-BF4B-00C04F79EFBC}") = "UseSettingGetTarget", "UseSettingGetTarget\UseSettingGetTarget.csproj", "{0E5C6BBF-F92C-415A-8D56-1BA6C573FE36}"
EndProject
Global
	GlobalSection(SolutionConfigurationPlatforms) = preSolution
		Debug|Any CPU = Debug|Any CPU
		Release|Any CPU = Release|Any CPU
	EndGlobalSection
	GlobalSection(ProjectConfigurationPlatforms) = postSolution
		{652D0AA0-098C-4B96-BFCE-3F4DA485D510}.Debug|Any CPU.ActiveCfg = Debug|Any CPU
		{652D0AA0-098C-4B96-BFCE-3F4DA485D510}.Debug|Any CPU.Build.0 = Debug|Any CPU
		{652D0AA0-098C-4B96-BFCE-3F4DA485D510}.Release|Any CPU.ActiveCfg = Release|Any CPU
		{652D0AA0-098C-4B96-BFCE-3F4DA485D510}.Release|Any CPU.Build.0 = Release|Any CPU
		{0A63C185-F9A5-4572-A444-A50C196A1697}.Debug|Any CPU.ActiveCfg = Debug|Any CPU
		{0A63C185-F9A5-4572-A444-A50C196A1697}.Debug|Any CPU.Build.0 = Debug|Any CPU
		{0A63C185-F9A5-4572-A444-A50C196A1697}.Release|Any CPU.ActiveCfg = Release|Any CPU
		{0A63C185-F9A5-4572-A444-A50C196A1697}.Release|Any CPU.Build.0 = Release|Any CPU
		{0E5C6BBF-F92C-415A-8D56-1BA6C573FE36}.Debug|Any CPU.ActiveCfg = Debug|Any CPU
		{0E5C6BBF-F92C-415A-8D56-1BA6C573FE36}.Debug|Any CPU.Build.0 = Debug|Any CPU
		{0E5C6BBF-F92C-415A-8D56-1BA6C573FE36}.Release|Any CPU.ActiveCfg = Release|Any CPU
		{0E5C6BBF-F92C-415A-8D56-1BA6C573FE36}.Release|Any CPU.Build.0 = Release|Any CPU
	EndGlobalSection
	GlobalSection(SolutionProperties) = preSolution
		HideSolutionNode = FALSE
	EndGlobalSection
	GlobalSection(ExtensibilityGlobals) = postSolution
		SolutionGuid = {15B599B0-FF9A-42A8-A488-0E3D4477B15B}
	EndGlobalSection
EndGlobal
